// !$*UTF8*$!
{
	archiveVersion = 1;
	classes = {
	};
	objectVersion = 56;
	objects = {

/* Begin PBXBuildFile section */
		E72420F929B65431006BD28E /* AppDelegate.swift in Sources */ = {isa = PBXBuildFile; fileRef = E72420F829B65431006BD28E /* AppDelegate.swift */; };
		E72420FB29B65431006BD28E /* SceneDelegate.swift in Sources */ = {isa = PBXBuildFile; fileRef = E72420FA29B65431006BD28E /* SceneDelegate.swift */; };
		E72420FD29B65431006BD28E /* ViewController.swift in Sources */ = {isa = PBXBuildFile; fileRef = E72420FC29B65431006BD28E /* ViewController.swift */; };
		E724210029B65431006BD28E /* Main.storyboard in Resources */ = {isa = PBXBuildFile; fileRef = E72420FE29B65431006BD28E /* Main.storyboard */; };
		E724210229B65433006BD28E /* Assets.xcassets in Resources */ = {isa = PBXBuildFile; fileRef = E724210129B65433006BD28E /* Assets.xcassets */; };
		E724210529B65433006BD28E /* LaunchScreen.storyboard in Resources */ = {isa = PBXBuildFile; fileRef = E724210329B65433006BD28E /* LaunchScreen.storyboard */; };
		E724212E29BE51B3006BD28E /* weatherCodes.swift in Sources */ = {isa = PBXBuildFile; fileRef = E724212D29BE51B3006BD28E /* weatherCodes.swift */; };
		E724214329CB3D0D006BD28E /* LocationManager.swift in Sources */ = {isa = PBXBuildFile; fileRef = E724214229CB3D0D006BD28E /* LocationManager.swift */; };
		E724214529CB484A006BD28E /* WeatherAPI.swift in Sources */ = {isa = PBXBuildFile; fileRef = E724214429CB484A006BD28E /* WeatherAPI.swift */; };
		E724214729CB4A51006BD28E /* Constraints.swift in Sources */ = {isa = PBXBuildFile; fileRef = E724214629CB4A51006BD28E /* Constraints.swift */; };
		E753931029CCB7BC00EBEA69 /* Protocols.swift in Sources */ = {isa = PBXBuildFile; fileRef = E753930F29CCB7BC00EBEA69 /* Protocols.swift */; };
		E753931229D3468900EBEA69 /* VCViews.swift in Sources */ = {isa = PBXBuildFile; fileRef = E753931129D3468900EBEA69 /* VCViews.swift */; };
		E7C7329629DB336200450BD4 /* LocationSelectorVC.swift in Sources */ = {isa = PBXBuildFile; fileRef = E7C7329529DB336200450BD4 /* LocationSelectorVC.swift */; };
		E7C732A329DB378300450BD4 /* LocationSelectorConstraints.swift in Sources */ = {isa = PBXBuildFile; fileRef = E7C732A229DB378300450BD4 /* LocationSelectorConstraints.swift */; };
		E7C732A529DB379900450BD4 /* LocationSelectorViews.swift in Sources */ = {isa = PBXBuildFile; fileRef = E7C732A429DB379900450BD4 /* LocationSelectorViews.swift */; };
		E7D44B2B29DD86A600FFBB1D /* LocationTableViewCell.swift in Sources */ = {isa = PBXBuildFile; fileRef = E7D44B2A29DD86A600FFBB1D /* LocationTableViewCell.swift */; };
		E7D44B2D29DDBB2C00FFBB1D /* GeocoderAPI.swift in Sources */ = {isa = PBXBuildFile; fileRef = E7D44B2C29DDBB2C00FFBB1D /* GeocoderAPI.swift */; };
/* End PBXBuildFile section */

/* Begin PBXCopyFilesBuildPhase section */
		E724211B29B672A5006BD28E /* Embed Foundation Extensions */ = {
			isa = PBXCopyFilesBuildPhase;
			buildActionMask = 2147483647;
			dstPath = "";
			dstSubfolderSpec = 13;
			files = (
			);
			name = "Embed Foundation Extensions";
			runOnlyForDeploymentPostprocessing = 0;
		};
/* End PBXCopyFilesBuildPhase section */

/* Begin PBXFileReference section */
		E72420F529B65431006BD28E /* weatherApp.app */ = {isa = PBXFileReference; explicitFileType = wrapper.application; includeInIndex = 0; path = weatherApp.app; sourceTree = BUILT_PRODUCTS_DIR; };
		E72420F829B65431006BD28E /* AppDelegate.swift */ = {isa = PBXFileReference; lastKnownFileType = sourcecode.swift; path = AppDelegate.swift; sourceTree = "<group>"; };
		E72420FA29B65431006BD28E /* SceneDelegate.swift */ = {isa = PBXFileReference; lastKnownFileType = sourcecode.swift; path = SceneDelegate.swift; sourceTree = "<group>"; };
		E72420FC29B65431006BD28E /* ViewController.swift */ = {isa = PBXFileReference; lastKnownFileType = sourcecode.swift; path = ViewController.swift; sourceTree = "<group>"; };
		E72420FF29B65431006BD28E /* Base */ = {isa = PBXFileReference; lastKnownFileType = file.storyboard; name = Base; path = Base.lproj/Main.storyboard; sourceTree = "<group>"; };
		E724210129B65433006BD28E /* Assets.xcassets */ = {isa = PBXFileReference; lastKnownFileType = folder.assetcatalog; path = Assets.xcassets; sourceTree = "<group>"; };
		E724210429B65433006BD28E /* Base */ = {isa = PBXFileReference; lastKnownFileType = file.storyboard; name = Base; path = Base.lproj/LaunchScreen.storyboard; sourceTree = "<group>"; };
		E724210629B65433006BD28E /* Info.plist */ = {isa = PBXFileReference; lastKnownFileType = text.plist.xml; path = Info.plist; sourceTree = "<group>"; };
		E724212D29BE51B3006BD28E /* weatherCodes.swift */ = {isa = PBXFileReference; lastKnownFileType = sourcecode.swift; path = weatherCodes.swift; sourceTree = "<group>"; };
		E724214229CB3D0D006BD28E /* LocationManager.swift */ = {isa = PBXFileReference; lastKnownFileType = sourcecode.swift; path = LocationManager.swift; sourceTree = "<group>"; };
		E724214429CB484A006BD28E /* WeatherAPI.swift */ = {isa = PBXFileReference; lastKnownFileType = sourcecode.swift; path = WeatherAPI.swift; sourceTree = "<group>"; };
		E724214629CB4A51006BD28E /* Constraints.swift */ = {isa = PBXFileReference; lastKnownFileType = sourcecode.swift; path = Constraints.swift; sourceTree = "<group>"; };
		E753930F29CCB7BC00EBEA69 /* Protocols.swift */ = {isa = PBXFileReference; lastKnownFileType = sourcecode.swift; path = Protocols.swift; sourceTree = "<group>"; };
		E753931129D3468900EBEA69 /* VCViews.swift */ = {isa = PBXFileReference; lastKnownFileType = sourcecode.swift; path = VCViews.swift; sourceTree = "<group>"; };
		E7C7329529DB336200450BD4 /* LocationSelectorVC.swift */ = {isa = PBXFileReference; lastKnownFileType = sourcecode.swift; path = LocationSelectorVC.swift; sourceTree = "<group>"; };
		E7C732A229DB378300450BD4 /* LocationSelectorConstraints.swift */ = {isa = PBXFileReference; lastKnownFileType = sourcecode.swift; path = LocationSelectorConstraints.swift; sourceTree = "<group>"; };
		E7C732A429DB379900450BD4 /* LocationSelectorViews.swift */ = {isa = PBXFileReference; lastKnownFileType = sourcecode.swift; path = LocationSelectorViews.swift; sourceTree = "<group>"; };
		E7D44B2A29DD86A600FFBB1D /* LocationTableViewCell.swift */ = {isa = PBXFileReference; lastKnownFileType = sourcecode.swift; path = LocationTableViewCell.swift; sourceTree = "<group>"; };
		E7D44B2C29DDBB2C00FFBB1D /* GeocoderAPI.swift */ = {isa = PBXFileReference; lastKnownFileType = sourcecode.swift; path = GeocoderAPI.swift; sourceTree = "<group>"; };
/* End PBXFileReference section */

/* Begin PBXFrameworksBuildPhase section */
		E72420F229B65431006BD28E /* Frameworks */ = {
			isa = PBXFrameworksBuildPhase;
			buildActionMask = 2147483647;
			files = (
			);
			runOnlyForDeploymentPostprocessing = 0;
		};
/* End PBXFrameworksBuildPhase section */

/* Begin PBXGroup section */
		E72420EC29B65431006BD28E = {
			isa = PBXGroup;
			children = (
				E72420F729B65431006BD28E /* weatherApp */,
				E72420F629B65431006BD28E /* Products */,
			);
			sourceTree = "<group>";
		};
		E72420F629B65431006BD28E /* Products */ = {
			isa = PBXGroup;
			children = (
				E72420F529B65431006BD28E /* weatherApp.app */,
			);
			name = Products;
			sourceTree = "<group>";
		};
		E72420F729B65431006BD28E /* weatherApp */ = {
			isa = PBXGroup;
			children = (
				E7C7329729DB341500450BD4 /* LocationSelector */,
				E724214629CB4A51006BD28E /* Constraints.swift */,
				E72420FC29B65431006BD28E /* ViewController.swift */,
				E753931129D3468900EBEA69 /* VCViews.swift */,
				E724212D29BE51B3006BD28E /* weatherCodes.swift */,
				E724214229CB3D0D006BD28E /* LocationManager.swift */,
				E724214429CB484A006BD28E /* WeatherAPI.swift */,
				E753930F29CCB7BC00EBEA69 /* Protocols.swift */,
				E72420FE29B65431006BD28E /* Main.storyboard */,
				E72420FA29B65431006BD28E /* SceneDelegate.swift */,
				E72420F829B65431006BD28E /* AppDelegate.swift */,
				E724210129B65433006BD28E /* Assets.xcassets */,
				E724210329B65433006BD28E /* LaunchScreen.storyboard */,
				E724210629B65433006BD28E /* Info.plist */,
			);
			path = weatherApp;
			sourceTree = "<group>";
		};
		E7C7329729DB341500450BD4 /* LocationSelector */ = {
			isa = PBXGroup;
			children = (
				E7D44B2A29DD86A600FFBB1D /* LocationTableViewCell.swift */,
				E7C7329529DB336200450BD4 /* LocationSelectorVC.swift */,
				E7C732A229DB378300450BD4 /* LocationSelectorConstraints.swift */,
				E7C732A429DB379900450BD4 /* LocationSelectorViews.swift */,
				E7D44B2C29DDBB2C00FFBB1D /* GeocoderAPI.swift */,
			);
			path = LocationSelector;
			sourceTree = "<group>";
		};
/* End PBXGroup section */

/* Begin PBXNativeTarget section */
		E72420F429B65431006BD28E /* weatherApp */ = {
			isa = PBXNativeTarget;
			buildConfigurationList = E724210929B65433006BD28E /* Build configuration list for PBXNativeTarget "weatherApp" */;
			buildPhases = (
				E72420F129B65431006BD28E /* Sources */,
				E72420F229B65431006BD28E /* Frameworks */,
				E72420F329B65431006BD28E /* Resources */,
				E724211B29B672A5006BD28E /* Embed Foundation Extensions */,
			);
			buildRules = (
			);
			dependencies = (
			);
			name = weatherApp;
			productName = weatherApp;
			productReference = E72420F529B65431006BD28E /* weatherApp.app */;
			productType = "com.apple.product-type.application";
		};
/* End PBXNativeTarget section */

/* Begin PBXProject section */
		E72420ED29B65431006BD28E /* Project object */ = {
			isa = PBXProject;
			attributes = {
				BuildIndependentTargetsInParallel = 1;
				LastSwiftUpdateCheck = 1420;
				LastUpgradeCheck = 1420;
				TargetAttributes = {
					E72420F429B65431006BD28E = {
						CreatedOnToolsVersion = 14.2;
					};
				};
			};
			buildConfigurationList = E72420F029B65431006BD28E /* Build configuration list for PBXProject "weatherApp" */;
			compatibilityVersion = "Xcode 14.0";
			developmentRegion = en;
			hasScannedForEncodings = 0;
			knownRegions = (
				en,
				Base,
			);
			mainGroup = E72420EC29B65431006BD28E;
			productRefGroup = E72420F629B65431006BD28E /* Products */;
			projectDirPath = "";
			projectRoot = "";
			targets = (
				E72420F429B65431006BD28E /* weatherApp */,
			);
		};
/* End PBXProject section */

/* Begin PBXResourcesBuildPhase section */
		E72420F329B65431006BD28E /* Resources */ = {
			isa = PBXResourcesBuildPhase;
			buildActionMask = 2147483647;
			files = (
				E724210529B65433006BD28E /* LaunchScreen.storyboard in Resources */,
				E724210229B65433006BD28E /* Assets.xcassets in Resources */,
				E724210029B65431006BD28E /* Main.storyboard in Resources */,
			);
			runOnlyForDeploymentPostprocessing = 0;
		};
/* End PBXResourcesBuildPhase section */

/* Begin PBXSourcesBuildPhase section */
		E72420F129B65431006BD28E /* Sources */ = {
			isa = PBXSourcesBuildPhase;
			buildActionMask = 2147483647;
			files = (
				E724212E29BE51B3006BD28E /* weatherCodes.swift in Sources */,
				E724214729CB4A51006BD28E /* Constraints.swift in Sources */,
				E724214529CB484A006BD28E /* WeatherAPI.swift in Sources */,
				E7C732A529DB379900450BD4 /* LocationSelectorViews.swift in Sources */,
				E753931029CCB7BC00EBEA69 /* Protocols.swift in Sources */,
				E7D44B2B29DD86A600FFBB1D /* LocationTableViewCell.swift in Sources */,
				E7C732A329DB378300450BD4 /* LocationSelectorConstraints.swift in Sources */,
				E72420FD29B65431006BD28E /* ViewController.swift in Sources */,
				E724214329CB3D0D006BD28E /* LocationManager.swift in Sources */,
				E7C7329629DB336200450BD4 /* LocationSelectorVC.swift in Sources */,
				E72420F929B65431006BD28E /* AppDelegate.swift in Sources */,
				E72420FB29B65431006BD28E /* SceneDelegate.swift in Sources */,
				E7D44B2D29DDBB2C00FFBB1D /* GeocoderAPI.swift in Sources */,
				E753931229D3468900EBEA69 /* VCViews.swift in Sources */,
			);
			runOnlyForDeploymentPostprocessing = 0;
		};
/* End PBXSourcesBuildPhase section */

/* Begin PBXVariantGroup section */
		E72420FE29B65431006BD28E /* Main.storyboard */ = {
			isa = PBXVariantGroup;
			children = (
				E72420FF29B65431006BD28E /* Base */,
			);
			name = Main.storyboard;
			sourceTree = "<group>";
		};
		E724210329B65433006BD28E /* LaunchScreen.storyboard */ = {
			isa = PBXVariantGroup;
			children = (
				E724210429B65433006BD28E /* Base */,
			);
			name = LaunchScreen.storyboard;
			sourceTree = "<group>";
		};
/* End PBXVariantGroup section */

/* Begin XCBuildConfiguration section */
		E724210729B65433006BD28E /* Debug */ = {
			isa = XCBuildConfiguration;
			buildSettings = {
				ALWAYS_SEARCH_USER_PATHS = NO;
				CLANG_ANALYZER_NONNULL = YES;
				CLANG_ANALYZER_NUMBER_OBJECT_CONVERSION = YES_AGGRESSIVE;
				CLANG_CXX_LANGUAGE_STANDARD = "gnu++20";
				CLANG_ENABLE_MODULES = YES;
				CLANG_ENABLE_OBJC_ARC = YES;
				CLANG_ENABLE_OBJC_WEAK = YES;
				CLANG_WARN_BLOCK_CAPTURE_AUTORELEASING = YES;
				CLANG_WARN_BOOL_CONVERSION = YES;
				CLANG_WARN_COMMA = YES;
				CLANG_WARN_CONSTANT_CONVERSION = YES;
				CLANG_WARN_DEPRECATED_OBJC_IMPLEMENTATIONS = YES;
				CLANG_WARN_DIRECT_OBJC_ISA_USAGE = YES_ERROR;
				CLANG_WARN_DOCUMENTATION_COMMENTS = YES;
				CLANG_WARN_EMPTY_BODY = YES;
				CLANG_WARN_ENUM_CONVERSION = YES;
				CLANG_WARN_INFINITE_RECURSION = YES;
				CLANG_WARN_INT_CONVERSION = YES;
				CLANG_WARN_NON_LITERAL_NULL_CONVERSION = YES;
				CLANG_WARN_OBJC_IMPLICIT_RETAIN_SELF = YES;
				CLANG_WARN_OBJC_LITERAL_CONVERSION = YES;
				CLANG_WARN_OBJC_ROOT_CLASS = YES_ERROR;
				CLANG_WARN_QUOTED_INCLUDE_IN_FRAMEWORK_HEADER = YES;
				CLANG_WARN_RANGE_LOOP_ANALYSIS = YES;
				CLANG_WARN_STRICT_PROTOTYPES = YES;
				CLANG_WARN_SUSPICIOUS_MOVE = YES;
				CLANG_WARN_UNGUARDED_AVAILABILITY = YES_AGGRESSIVE;
				CLANG_WARN_UNREACHABLE_CODE = YES;
				CLANG_WARN__DUPLICATE_METHOD_MATCH = YES;
				COPY_PHASE_STRIP = NO;
				DEBUG_INFORMATION_FORMAT = dwarf;
				ENABLE_STRICT_OBJC_MSGSEND = YES;
				ENABLE_TESTABILITY = YES;
				GCC_C_LANGUAGE_STANDARD = gnu11;
				GCC_DYNAMIC_NO_PIC = NO;
				GCC_NO_COMMON_BLOCKS = YES;
				GCC_OPTIMIZATION_LEVEL = 0;
				GCC_PREPROCESSOR_DEFINITIONS = (
					"DEBUG=1",
					"$(inherited)",
				);
				GCC_WARN_64_TO_32_BIT_CONVERSION = YES;
				GCC_WARN_ABOUT_RETURN_TYPE = YES_ERROR;
				GCC_WARN_UNDECLARED_SELECTOR = YES;
				GCC_WARN_UNINITIALIZED_AUTOS = YES_AGGRESSIVE;
				GCC_WARN_UNUSED_FUNCTION = YES;
				GCC_WARN_UNUSED_VARIABLE = YES;
				INFOPLIST_KEY_NSLocationAlwaysUsageDescription = "";
				IPHONEOS_DEPLOYMENT_TARGET = 14.0;
				MTL_ENABLE_DEBUG_INFO = INCLUDE_SOURCE;
				MTL_FAST_MATH = YES;
				NEW_SETTING = "";
				ONLY_ACTIVE_ARCH = YES;
				SDKROOT = iphoneos;
				SWIFT_ACTIVE_COMPILATION_CONDITIONS = DEBUG;
				SWIFT_OPTIMIZATION_LEVEL = "-Onone";
				SWIFT_VERSION = 5.0;
			};
			name = Debug;
		};
		E724210829B65433006BD28E /* Release */ = {
			isa = XCBuildConfiguration;
			buildSettings = {
				ALWAYS_SEARCH_USER_PATHS = NO;
				CLANG_ANALYZER_NONNULL = YES;
				CLANG_ANALYZER_NUMBER_OBJECT_CONVERSION = YES_AGGRESSIVE;
				CLANG_CXX_LANGUAGE_STANDARD = "gnu++20";
				CLANG_ENABLE_MODULES = YES;
				CLANG_ENABLE_OBJC_ARC = YES;
				CLANG_ENABLE_OBJC_WEAK = YES;
				CLANG_WARN_BLOCK_CAPTURE_AUTORELEASING = YES;
				CLANG_WARN_BOOL_CONVERSION = YES;
				CLANG_WARN_COMMA = YES;
				CLANG_WARN_CONSTANT_CONVERSION = YES;
				CLANG_WARN_DEPRECATED_OBJC_IMPLEMENTATIONS = YES;
				CLANG_WARN_DIRECT_OBJC_ISA_USAGE = YES_ERROR;
				CLANG_WARN_DOCUMENTATION_COMMENTS = YES;
				CLANG_WARN_EMPTY_BODY = YES;
				CLANG_WARN_ENUM_CONVERSION = YES;
				CLANG_WARN_INFINITE_RECURSION = YES;
				CLANG_WARN_INT_CONVERSION = YES;
				CLANG_WARN_NON_LITERAL_NULL_CONVERSION = YES;
				CLANG_WARN_OBJC_IMPLICIT_RETAIN_SELF = YES;
				CLANG_WARN_OBJC_LITERAL_CONVERSION = YES;
				CLANG_WARN_OBJC_ROOT_CLASS = YES_ERROR;
				CLANG_WARN_QUOTED_INCLUDE_IN_FRAMEWORK_HEADER = YES;
				CLANG_WARN_RANGE_LOOP_ANALYSIS = YES;
				CLANG_WARN_STRICT_PROTOTYPES = YES;
				CLANG_WARN_SUSPICIOUS_MOVE = YES;
				CLANG_WARN_UNGUARDED_AVAILABILITY = YES_AGGRESSIVE;
				CLANG_WARN_UNREACHABLE_CODE = YES;
				CLANG_WARN__DUPLICATE_METHOD_MATCH = YES;
				COPY_PHASE_STRIP = NO;
				DEBUG_INFORMATION_FORMAT = "dwarf-with-dsym";
				ENABLE_NS_ASSERTIONS = NO;
				ENABLE_STRICT_OBJC_MSGSEND = YES;
				GCC_C_LANGUAGE_STANDARD = gnu11;
				GCC_NO_COMMON_BLOCKS = YES;
				GCC_WARN_64_TO_32_BIT_CONVERSION = YES;
				GCC_WARN_ABOUT_RETURN_TYPE = YES_ERROR;
				GCC_WARN_UNDECLARED_SELECTOR = YES;
				GCC_WARN_UNINITIALIZED_AUTOS = YES_AGGRESSIVE;
				GCC_WARN_UNUSED_FUNCTION = YES;
				GCC_WARN_UNUSED_VARIABLE = YES;
				INFOPLIST_KEY_NSLocationAlwaysUsageDescription = "";
				IPHONEOS_DEPLOYMENT_TARGET = 14.0;
				MTL_ENABLE_DEBUG_INFO = NO;
				MTL_FAST_MATH = YES;
				NEW_SETTING = "";
				SDKROOT = iphoneos;
				SWIFT_COMPILATION_MODE = wholemodule;
				SWIFT_OPTIMIZATION_LEVEL = "-O";
				SWIFT_VERSION = 5.0;
				VALIDATE_PRODUCT = YES;
			};
			name = Release;
		};
		E724210A29B65433006BD28E /* Debug */ = {
			isa = XCBuildConfiguration;
			buildSettings = {
				ASSETCATALOG_COMPILER_APPICON_NAME = AppIcon;
				ASSETCATALOG_COMPILER_GLOBAL_ACCENT_COLOR_NAME = AccentColor;
				CODE_SIGN_STYLE = Automatic;
				CURRENT_PROJECT_VERSION = 1;
				DEVELOPMENT_TEAM = KY758VGLM7;
				GENERATE_INFOPLIST_FILE = YES;
				INFOPLIST_FILE = weatherApp/Info.plist;
				INFOPLIST_KEY_UIApplicationSupportsIndirectInputEvents = YES;
				INFOPLIST_KEY_UILaunchStoryboardName = LaunchScreen;
				INFOPLIST_KEY_UIMainStoryboardFile = Main;
				INFOPLIST_KEY_UISupportedInterfaceOrientations_iPad = "UIInterfaceOrientationPortrait UIInterfaceOrientationPortraitUpsideDown UIInterfaceOrientationLandscapeLeft UIInterfaceOrientationLandscapeRight";
				INFOPLIST_KEY_UISupportedInterfaceOrientations_iPhone = "UIInterfaceOrientationPortrait UIInterfaceOrientationLandscapeLeft UIInterfaceOrientationLandscapeRight";
				LD_RUNPATH_SEARCH_PATHS = (
					"$(inherited)",
					"@executable_path/Frameworks",
				);
				MARKETING_VERSION = 1.0;
				PRODUCT_BUNDLE_IDENTIFIER = vtagilov.weatherApp;
				PRODUCT_NAME = "$(TARGET_NAME)";
				SWIFT_EMIT_LOC_STRINGS = YES;
				SWIFT_VERSION = 5.0;
				TARGETED_DEVICE_FAMILY = "1,2";
			};
			name = Debug;
		};
		E724210B29B65433006BD28E /* Release */ = {
			isa = XCBuildConfiguration;
			buildSettings = {
				ASSETCATALOG_COMPILER_APPICON_NAME = AppIcon;
				ASSETCATALOG_COMPILER_GLOBAL_ACCENT_COLOR_NAME = AccentColor;
				CODE_SIGN_STYLE = Automatic;
				CURRENT_PROJECT_VERSION = 1;
				DEVELOPMENT_TEAM = KY758VGLM7;
				GENERATE_INFOPLIST_FILE = YES;
				INFOPLIST_FILE = weatherApp/Info.plist;
				INFOPLIST_KEY_UIApplicationSupportsIndirectInputEvents = YES;
				INFOPLIST_KEY_UILaunchStoryboardName = LaunchScreen;
				INFOPLIST_KEY_UIMainStoryboardFile = Main;
				INFOPLIST_KEY_UISupportedInterfaceOrientations_iPad = "UIInterfaceOrientationPortrait UIInterfaceOrientationPortraitUpsideDown UIInterfaceOrientationLandscapeLeft UIInterfaceOrientationLandscapeRight";
				INFOPLIST_KEY_UISupportedInterfaceOrientations_iPhone = "UIInterfaceOrientationPortrait UIInterfaceOrientationLandscapeLeft UIInterfaceOrientationLandscapeRight";
				LD_RUNPATH_SEARCH_PATHS = (
					"$(inherited)",
					"@executable_path/Frameworks",
				);
				MARKETING_VERSION = 1.0;
				PRODUCT_BUNDLE_IDENTIFIER = vtagilov.weatherApp;
				PRODUCT_NAME = "$(TARGET_NAME)";
				SWIFT_EMIT_LOC_STRINGS = YES;
				SWIFT_VERSION = 5.0;
				TARGETED_DEVICE_FAMILY = "1,2";
			};
			name = Release;
		};
/* End XCBuildConfiguration section */

/* Begin XCConfigurationList section */
		E72420F029B65431006BD28E /* Build configuration list for PBXProject "weatherApp" */ = {
			isa = XCConfigurationList;
			buildConfigurations = (
				E724210729B65433006BD28E /* Debug */,
				E724210829B65433006BD28E /* Release */,
			);
			defaultConfigurationIsVisible = 0;
			defaultConfigurationName = Release;
		};
		E724210929B65433006BD28E /* Build configuration list for PBXNativeTarget "weatherApp" */ = {
			isa = XCConfigurationList;
			buildConfigurations = (
				E724210A29B65433006BD28E /* Debug */,
				E724210B29B65433006BD28E /* Release */,
			);
			defaultConfigurationIsVisible = 0;
			defaultConfigurationName = Release;
		};
/* End XCConfigurationList section */
	};
	rootObject = E72420ED29B65431006BD28E /* Project object */;
}
